PODS:
  - RxSwift (4.0.0-beta.0)
  - TesseractOCRiOS (4.0.0)

DEPENDENCIES:
  - RxSwift (from `https://github.com/ReactiveX/RxSwift.git`, branch `rxswift4.0-swift4.0`)
  - TesseractOCRiOS (~> 4.0)

EXTERNAL SOURCES:
  RxSwift:
    :branch: rxswift4.0-swift4.0
    :git: https://github.com/ReactiveX/RxSwift.git

CHECKOUT OPTIONS:
  RxSwift:
    :commit: ecb9ba58435f703c361b3906ee29c2d45a605a4a
    :git: https://github.com/ReactiveX/RxSwift.git

SPEC CHECKSUMS:
  RxSwift: cafebeafadc860ca27a2f3fb3760a8bb8663f6ef
  TesseractOCRiOS: 90638afbe43d082433f2e76b384c7901d23956df

PODFILE CHECKSUM: d40859e536d0a71209eb50a52375ad83123e8ff7

COCOAPODS: 1.3.0.rc.1
